
Microsoft Visual Studio Solution File, Format Version 12.00
# Visual Studio Version 16
VisualStudioVersion = 16.0.31515.178
MinimumVisualStudioVersion = 10.0.40219.1
Project("{8BC9CEB8-8B4A-11D0-8D11-00A0C91BC942}") = "vectorTest", "vectorTest\vectorTest.vcxproj", "{ED749563-0378-4F63-9270-AF24B61B42DC}"
EndProject
Project("{8BC9CEB8-8B4A-11D0-8D11-00A0C91BC942}") = "HighScore", "HighScore\HighScore.vcxproj", "{BD426758-DA0B-45C3-9A56-5CB0BC0D2D47}"
EndProject
Project("{8BC9CEB8-8B4A-11D0-8D11-00A0C91BC942}") = "FunctionTemplate", "FunctionTemplate\FunctionTemplate.vcxproj", "{2A77C3DC-5B4E-486E-B771-3B3ED92A1B11}"
EndProject
Project("{8BC9CEB8-8B4A-11D0-8D11-00A0C91BC942}") = "MyVector", "MyVector\MyVector.vcxproj", "{5C94E0FD-676F-457A-B5D1-13AA6C6EFBAA}"
EndProject
Project("{8BC9CEB8-8B4A-11D0-8D11-00A0C91BC942}") = "OrderedPair", "OrderedPair\OrderedPair.vcxproj", "{1E78CD02-7CB7-4758-9BB5-2A0E4F6BE8EF}"
EndProject
Global
	GlobalSection(SolutionConfigurationPlatforms) = preSolution
		Debug|x64 = Debug|x64
		Debug|x86 = Debug|x86
		Release|x64 = Release|x64
		Release|x86 = Release|x86
	EndGlobalSection
	GlobalSection(ProjectConfigurationPlatforms) = postSolution
		{ED749563-0378-4F63-9270-AF24B61B42DC}.Debug|x64.ActiveCfg = Debug|x64
		{ED749563-0378-4F63-9270-AF24B61B42DC}.Debug|x64.Build.0 = Debug|x64
		{ED749563-0378-4F63-9270-AF24B61B42DC}.Debug|x86.ActiveCfg = Debug|Win32
		{ED749563-0378-4F63-9270-AF24B61B42DC}.Debug|x86.Build.0 = Debug|Win32
		{ED749563-0378-4F63-9270-AF24B61B42DC}.Release|x64.ActiveCfg = Release|x64
		{ED749563-0378-4F63-9270-AF24B61B42DC}.Release|x64.Build.0 = Release|x64
		{ED749563-0378-4F63-9270-AF24B61B42DC}.Release|x86.ActiveCfg = Release|Win32
		{ED749563-0378-4F63-9270-AF24B61B42DC}.Release|x86.Build.0 = Release|Win32
		{BD426758-DA0B-45C3-9A56-5CB0BC0D2D47}.Debug|x64.ActiveCfg = Debug|x64
		{BD426758-DA0B-45C3-9A56-5CB0BC0D2D47}.Debug|x64.Build.0 = Debug|x64
		{BD426758-DA0B-45C3-9A56-5CB0BC0D2D47}.Debug|x86.ActiveCfg = Debug|Win32
		{BD426758-DA0B-45C3-9A56-5CB0BC0D2D47}.Debug|x86.Build.0 = Debug|Win32
		{BD426758-DA0B-45C3-9A56-5CB0BC0D2D47}.Release|x64.ActiveCfg = Release|x64
		{BD426758-DA0B-45C3-9A56-5CB0BC0D2D47}.Release|x64.Build.0 = Release|x64
		{BD426758-DA0B-45C3-9A56-5CB0BC0D2D47}.Release|x86.ActiveCfg = Release|Win32
		{BD426758-DA0B-45C3-9A56-5CB0BC0D2D47}.Release|x86.Build.0 = Release|Win32
		{2A77C3DC-5B4E-486E-B771-3B3ED92A1B11}.Debug|x64.ActiveCfg = Debug|x64
		{2A77C3DC-5B4E-486E-B771-3B3ED92A1B11}.Debug|x64.Build.0 = Debug|x64
		{2A77C3DC-5B4E-486E-B771-3B3ED92A1B11}.Debug|x86.ActiveCfg = Debug|Win32
		{2A77C3DC-5B4E-486E-B771-3B3ED92A1B11}.Debug|x86.Build.0 = Debug|Win32
		{2A77C3DC-5B4E-486E-B771-3B3ED92A1B11}.Release|x64.ActiveCfg = Release|x64
		{2A77C3DC-5B4E-486E-B771-3B3ED92A1B11}.Release|x64.Build.0 = Release|x64
		{2A77C3DC-5B4E-486E-B771-3B3ED92A1B11}.Release|x86.ActiveCfg = Release|Win32
		{2A77C3DC-5B4E-486E-B771-3B3ED92A1B11}.Release|x86.Build.0 = Release|Win32
		{5C94E0FD-676F-457A-B5D1-13AA6C6EFBAA}.Debug|x64.ActiveCfg = Debug|x64
		{5C94E0FD-676F-457A-B5D1-13AA6C6EFBAA}.Debug|x64.Build.0 = Debug|x64
		{5C94E0FD-676F-457A-B5D1-13AA6C6EFBAA}.Debug|x86.ActiveCfg = Debug|Win32
		{5C94E0FD-676F-457A-B5D1-13AA6C6EFBAA}.Debug|x86.Build.0 = Debug|Win32
		{5C94E0FD-676F-457A-B5D1-13AA6C6EFBAA}.Release|x64.ActiveCfg = Release|x64
		{5C94E0FD-676F-457A-B5D1-13AA6C6EFBAA}.Release|x64.Build.0 = Release|x64
		{5C94E0FD-676F-457A-B5D1-13AA6C6EFBAA}.Release|x86.ActiveCfg = Release|Win32
		{5C94E0FD-676F-457A-B5D1-13AA6C6EFBAA}.Release|x86.Build.0 = Release|Win32
		{1E78CD02-7CB7-4758-9BB5-2A0E4F6BE8EF}.Debug|x64.ActiveCfg = Debug|x64
		{1E78CD02-7CB7-4758-9BB5-2A0E4F6BE8EF}.Debug|x64.Build.0 = Debug|x64
		{1E78CD02-7CB7-4758-9BB5-2A0E4F6BE8EF}.Debug|x86.ActiveCfg = Debug|Win32
		{1E78CD02-7CB7-4758-9BB5-2A0E4F6BE8EF}.Debug|x86.Build.0 = Debug|Win32
		{1E78CD02-7CB7-4758-9BB5-2A0E4F6BE8EF}.Release|x64.ActiveCfg = Release|x64
		{1E78CD02-7CB7-4758-9BB5-2A0E4F6BE8EF}.Release|x64.Build.0 = Release|x64
		{1E78CD02-7CB7-4758-9BB5-2A0E4F6BE8EF}.Release|x86.ActiveCfg = Release|Win32
		{1E78CD02-7CB7-4758-9BB5-2A0E4F6BE8EF}.Release|x86.Build.0 = Release|Win32
	EndGlobalSection
	GlobalSection(SolutionProperties) = preSolution
		HideSolutionNode = FALSE
	EndGlobalSection
	GlobalSection(ExtensibilityGlobals) = postSolution
		SolutionGuid = {E87C4A66-ABC4-4926-B860-9017E62D9FC3}
	EndGlobalSection
EndGlobal
