
Microsoft Visual Studio Solution File, Format Version 12.00
# Visual Studio Version 16
VisualStudioVersion = 16.0.31605.320
MinimumVisualStudioVersion = 10.0.40219.1
Project("{8BC9CEB8-8B4A-11D0-8D11-00A0C91BC942}") = "circularQueue", "circularQueue\circularQueue.vcxproj", "{8B228083-6227-4F91-BE7A-783CD521A6D9}"
EndProject
Project("{2150E333-8FDC-42A3-9474-1A3956D46DE8}") = "Solution Items", "Solution Items", "{54957BDA-79C3-43CA-886D-D5F2E719E172}"
	ProjectSection(SolutionItems) = preProject
		..\requirements.txt = ..\requirements.txt
	EndProjectSection
EndProject
Global
	GlobalSection(SolutionConfigurationPlatforms) = preSolution
		Debug|x64 = Debug|x64
		Debug|x86 = Debug|x86
		Release|x64 = Release|x64
		Release|x86 = Release|x86
	EndGlobalSection
	GlobalSection(ProjectConfigurationPlatforms) = postSolution
		{8B228083-6227-4F91-BE7A-783CD521A6D9}.Debug|x64.ActiveCfg = Debug|x64
		{8B228083-6227-4F91-BE7A-783CD521A6D9}.Debug|x64.Build.0 = Debug|x64
		{8B228083-6227-4F91-BE7A-783CD521A6D9}.Debug|x86.ActiveCfg = Debug|Win32
		{8B228083-6227-4F91-BE7A-783CD521A6D9}.Debug|x86.Build.0 = Debug|Win32
		{8B228083-6227-4F91-BE7A-783CD521A6D9}.Release|x64.ActiveCfg = Release|x64
		{8B228083-6227-4F91-BE7A-783CD521A6D9}.Release|x64.Build.0 = Release|x64
		{8B228083-6227-4F91-BE7A-783CD521A6D9}.Release|x86.ActiveCfg = Release|Win32
		{8B228083-6227-4F91-BE7A-783CD521A6D9}.Release|x86.Build.0 = Release|Win32
	EndGlobalSection
	GlobalSection(SolutionProperties) = preSolution
		HideSolutionNode = FALSE
	EndGlobalSection
	GlobalSection(ExtensibilityGlobals) = postSolution
		SolutionGuid = {EF65D9C0-4307-461C-8469-0B24173AD714}
	EndGlobalSection
EndGlobal
